{
    "_meta": {
        "hash": {
            "sha256": "0cf68d752f14630d4eb5600f9619b7b6dc34b90464bfbfd269dbcf59e854640d"
        },
        "pipfile-spec": 6,
        "requires": {
            "python_version": "3.9"
        },
        "sources": [
            {
                "name": "pypi",
                "url": "https://pypi.org/simple",
                "verify_ssl": true
            }
        ]
    },
    "default": {
        "asgiref": {
            "hashes": [
                "sha256:5f184dc43b7e763efe848065441eac62229c9f7b0475f41f80e207a114eda4ce",
                "sha256:e8667a091e69529631969fd45dc268fa79b99c92c5fcdda727757e52146ec133"
            ],
            "markers": "python_version >= '3.9'",
            "version": "==3.11.1"
        },
        "astroid": {
            "hashes": [
                "sha256:1e5a5011af2920c7c67a53f65d536d65bfa7116feeaf2354d8b94f29573bb0ce",
                "sha256:54c760ae8322ece1abd213057c4b5bba7c49818853fc901ef09719a60dbf9dec"
            ],
            "markers": "python_full_version >= '3.9.0'",
            "version": "==3.3.11"
        },
        "autopep8": {
            "hashes": [
                "sha256:89440a4f969197b69a995e4ce0661b031f455a9f776d2c5ba3dbd83466931758",
                "sha256:ce8ad498672c845a0c3de2629c15b635ec2b05ef8177a6e7c91c74f3e9b51128"
            ],
            "index": "pypi",
            "markers": "python_version >= '3.9'",
            "version": "==2.3.2"
        },
        "colorama": {
            "hashes": [
                "sha256:08695f5cb7ed6e0531a20572697297273c47b8cae5a63ffc6d6ed5c201be6e44",
                "sha256:4f1d9991f5acc0ca119f9d443620b77f9d6b33703e51011c16baf57afb285fc6"
            ],
            "markers": "python_version >= '2.7' and python_version not in '3.0, 3.1, 3.2, 3.3, 3.4, 3.5, 3.6'",
            "version": "==0.4.6"
        },
        "dill": {
            "hashes": [
                "sha256:1e1ce33e978ae97fcfcff5638477032b801c46c7c65cf717f95fbc2248f79a9d",
                "sha256:423092df4182177d4d8ba8290c8a5b640c66ab35ec7da59ccfa00f6fa3eea5fa"
            ],
            "markers": "python_version >= '3.9'",
            "version": "==0.4.1"
        },
        "django": {
            "hashes": [
                "sha256:074d7c4d2808050e528388bda442bd491f06def4df4fe863f27066851bba010c",
                "sha256:86d91bc8086569c8d08f9c55888b583a921ac1f95ed3bdc7d5659d4709542014"
            ],
            "index": "pypi",
            "markers": "python_version >= '3.8'",
            "version": "==4.2.29"
        },
        "django-cors-headers": {
            "hashes": [
                "sha256:15c7f20727f90044dcee2216a9fd7303741a864865f0c3657e28b7056f61b449",
                "sha256:fe5d7cb59fdc2c8c646ce84b727ac2bca8912a247e6e68e1fb507372178e59e8"
            ],
            "index": "pypi",
            "markers": "python_version >= '3.9'",
            "version": "==4.9.0"
        },
        "djangorestframework": {
            "hashes": [
                "sha256:166809528b1aced0a17dc66c24492af18049f2c9420dbd0be29422029cfc3ff7",
                "sha256:33a59f47fb9c85ede792cbf88bde71893bcda0667bc573f784649521f1102cec"
            ],
            "index": "pypi",
            "markers": "python_version >= '3.9'",
            "version": "==3.16.1"
        },
        "importlib-metadata": {
            "hashes": [
                "sha256:49fef1ae6440c182052f407c8d34a68f72efc36db9ca90dc0113398f2fdde8bb",
                "sha256:5a1f80bf1daa489495071efbb095d75a634cf28a8bc299581244063b53176151"
            ],
            "markers": "python_version >= '3.9'",
            "version": "==8.7.1"
        },
        "isort": {
            "hashes": [
                "sha256:58d8927ecce74e5087aef019f778d4081a3b6c98f15a80ba35782ca8a2097784",
                "sha256:9b8f96a14cfee0677e78e941ff62f03769a06d412aabb9e2a90487b3b7e8d481"
            ],
            "markers": "python_full_version >= '3.9.0'",
            "version": "==6.1.0"
        },
        "mccabe": {
            "hashes": [
                "sha256:348e0240c33b60bbdf4e523192ef919f28cb2c3d7d5c7794f74009290f236325",
                "sha256:6c2d30ab6be0e4a46919781807b4f0d834ebdd6c6e3dca0bda5a15f863427b6e"
            ],
            "markers": "python_version >= '3.6'",
            "version": "==0.7.0"
        },
        "platformdirs": {
            "hashes": [
                "sha256:abd01743f24e5287cd7a5db3752faf1a2d65353f38ec26d98e25a6db65958c85",
                "sha256:ca753cf4d81dc309bc67b0ea38fd15dc97bc30ce419a7f58d13eb3bf14c4febf"
            ],
            "markers": "python_version >= '3.9'",
            "version": "==4.4.0"
        },
        "pycodestyle": {
            "hashes": [
                "sha256:c4b5b517d278089ff9d0abdec919cd97262a3367449ea1c8b49b91529167b783",
                "sha256:dd6bf7cb4ee77f8e016f9c8e74a35ddd9f67e1d5fd4184d86c3b98e07099f42d"
            ],
            "markers": "python_version >= '3.9'",
            "version": "==2.14.0"
        },
        "pylint": {
            "hashes": [
                "sha256:01f9b0462c7730f94786c283f3e52a1fbdf0494bbe0971a78d7277ef46a751e7",
                "sha256:d312737d7b25ccf6b01cc4ac629b5dcd14a0fcf3ec392735ac70f137a9d5f83a"
            ],
            "index": "pypi",
            "markers": "python_full_version >= '3.9.0'",
            "version": "==3.3.9"
        },
        "pylint-django": {
            "hashes": [
                "sha256:76ef7e7bbbcf7ee86adbb2beac0ffaa7232509a17bf4a488d81467a1bbaa215b"
            ],
            "index": "pypi",
            "markers": "python_version >= '3.9' and python_version < '4.0'",
            "version": "==2.7.0"
        },
        "pylint-plugin-utils": {
            "hashes": [
                "sha256:16e9b84e5326ba893a319a0323fcc8b4bcc9c71fc654fcabba0605596c673818",
                "sha256:5468d763878a18d5cc4db46eaffdda14313b043c962a263a7d78151b90132055"
            ],
            "markers": "python_version >= '3.9' and python_version < '4.0'",
            "version": "==0.9.0"
        },
        "sqlparse": {
            "hashes": [
                "sha256:12a08b3bf3eec877c519589833aed092e2444e68240a3577e8e26148acc7b1ba",
                "sha256:e20d4a9b0b8585fdf63b10d30066c7c94c5d7a7ec47c889a2d83a3caa93ff28e"
            ],
            "markers": "python_version >= '3.8'",
            "version": "==0.5.5"
        },
        "tomli": {
            "hashes": [
                "sha256:01f520d4f53ef97964a240a035ec2a869fe1a37dde002b57ebc4417a27ccd853",
                "sha256:0d85819802132122da43cb86656f8d1f8c6587d54ae7dcaf30e90533028b49fe",
                "sha256:136443dbd7e1dee43c68ac2694fde36b2849865fa258d39bf822c10e8068eac5",
                "sha256:1d8591993e228b0c930c4bb0db464bdad97b3289fb981255d6c9a41aedc84b2d",
                "sha256:2190f2e9dd7508d2a90ded5ed369255980a1bcdd58e52f7fe24b8162bf9fedbd",
                "sha256:2c1c351919aca02858f740c6d33adea0c5deea37f9ecca1cc1ef9e884a619d26",
                "sha256:36d2bd2ad5fb9eaddba5226aa02c8ec3fa4f192631e347b3ed28186d43be6b54",
                "sha256:3d48a93ee1c9b79c04bb38772ee1b64dcf18ff43085896ea460ca8dec96f35f6",
                "sha256:47149d5bd38761ac8be13a84864bf0b7b70bc051806bc3669ab1cbc56216b23c",
                "sha256:4ab97e64ccda8756376892c53a72bd1f964e519c77236368527f758fbc36a53a",
                "sha256:4b605484e43cdc43f0954ddae319fb75f04cc10dd80d830540060ee7cd0243cd",
                "sha256:504aa796fe0569bb43171066009ead363de03675276d2d121ac1a4572397870f",
                "sha256:51529d40e3ca50046d7606fa99ce3956a617f9b36380da3b7f0dd3dd28e68cb5",
                "sha256:52c8ef851d9a240f11a88c003eacb03c31fc1c9c4ec64a99a0f922b93874fda9",
                "sha256:559db847dc486944896521f68d8190be1c9e719fced785720d2216fe7022b662",
                "sha256:5a881ab208c0baf688221f8cecc5401bd291d67e38a1ac884d6736cbcd8247e9",
                "sha256:5cb41aa38891e073ee49d55fbc7839cfdb2bc0e600add13874d048c94aadddd1",
                "sha256:5e262d41726bc187e69af7825504c933b6794dc3fbd5945e41a79bb14c31f585",
                "sha256:5ee18d9ebdb417e384b58fe414e8d6af9f4e7a0ae761519fb50f721de398dd4e",
                "sha256:7008df2e7655c495dd12d2a4ad038ff878d4ca4b81fccaf82b714e07eae4402c",
                "sha256:734e20b57ba95624ecf1841e72b53f6e186355e216e5412de414e3c51e5e3c41",
                "sha256:7c7e1a961a0b2f2472c1ac5b69affa0ae1132c39adcb67aba98568702b9cc23f",
                "sha256:7f86fd587c4ed9dd76f318225e7d9b29cfc5a9d43de44e5754db8d1128487085",
                "sha256:7f94b27a62cfad8496c8d2513e1a222dd446f095fca8987fceef261225538a15",
                "sha256:88dceee75c2c63af144e456745e10101eb67361050196b0b6af5d717254dddf7",
                "sha256:8a650c2dbafa08d42e51ba0b62740dae4ecb9338eefa093aa5c78ceb546fcd5c",
                "sha256:8d65a2fbf9d2f8352685bc1364177ee3923d6baf5e7f43ea4959d7d8bc326a36",
                "sha256:96481a5786729fd470164b47cdb3e0e58062a496f455ee41b4403be77cb5a076",
                "sha256:a120733b01c45e9a0c34aeef92bf0cf1d56cfe81ed9d47d562f9ed591a9828ac",
                "sha256:b1d22e6e9387bf4739fbe23bfa80e93f6b0373a7f1b96c6227c32bef95a4d7a8",
                "sha256:b8c198f8c1805dc42708689ed6864951fd2494f924149d3e4bce7710f8eb5232",
                "sha256:c2541745709bad0264b7d4705ad453b76ccd191e64aa6f0fc66b69a293a45ece",
                "sha256:c742f741d58a28940ce01d58f0ab2ea3ced8b12402f162f4d534dfe18ba1cd6a",
                "sha256:c7f2c7f2b9ca6bdeef8f0fa897f8e05085923eb091721675170254cbc5b02897",
                "sha256:d312ef37c91508b0ab2cee7da26ec0b3ed2f03ce12bd87a588d771ae15dcf82d",
                "sha256:d4d8fe59808a54658fcc0160ecfb1b30f9089906c50b23bcb4c69eddc19ec2b4",
                "sha256:da25dc3563bff5965356133435b757a795a17b17d01dbc0f42fb32447ddfd917",
                "sha256:eab21f45c7f66c13f2a9e0e1535309cee140182a9cdae1e041d02e47291e8396",
                "sha256:eb0dc4e38e6a1fd579e5d50369aa2e10acfc9cace504579b2faabb478e76941a",
                "sha256:ec9bfaf3ad2df51ace80688143a6a4ebc09a248f6ff781a9945e51937008fcbc",
                "sha256:ede3e6487c5ef5d28634ba3f31f989030ad6af71edfb0055cbbd14189ff240ba",
                "sha256:f3c6818a1a86dd6dca7ddcaaf76947d5ba31aecc28cb1b67009a5877c9a64f3f",
                "sha256:f758f1b9299d059cc3f6546ae2af89670cb1c4d48ea29c3cacc4fe7de3058257",
                "sha256:f8f0fc26ec2cc2b965b7a3b87cd19c5c6b8c5e5f436b984e85f486d652285c30",
                "sha256:fd0409a3653af6c147209d267a0e4243f0ae46b011aa978b1080359fddc9b6cf",
                "sha256:ff18e6a727ee0ab0388507b89d1bc6a22b138d1e2fa56d1ad494586d61d2eae9",
                "sha256:ff2983983d34813c1aeb0fa89091e76c3a22889ee83ab27c5eeb45100560c049"
            ],
            "markers": "python_version >= '3.8'",
            "version": "==2.4.1"
        },
        "tomlkit": {
            "hashes": [
                "sha256:592064ed85b40fa213469f81ac584f67a4f2992509a7c3ea2d632208623a3680",
                "sha256:cf00efca415dbd57575befb1f6634c4f42d2d87dbba376128adb42c121b87064"
            ],
            "markers": "python_version >= '3.9'",
            "version": "==0.14.0"
        },
        "typing-extensions": {
            "hashes": [
                "sha256:0cea48d173cc12fa28ecabc3b837ea3cf6f38c6d1136f85cbaaf598984861466",
                "sha256:f0fa19c6845758ab08074a0cfa8b7aecb71c999ca73d62883bc25cc018c4e548"
            ],
            "markers": "python_version >= '3.9'",
            "version": "==4.15.0"
        },
        "tzdata": {
            "hashes": [
                "sha256:4b1d2be7ac37ceafd7327b961aa3a54e467efbdb563a23655fbfe0d39cfc42a9",
                "sha256:67658a1903c75917309e753fdc349ac0efd8c27db7a0cb406a25be4840f87f98"
            ],
            "markers": "python_version >= '2'",
            "version": "==2026.1"
        },
        "waitress": {
            "hashes": [
                "sha256:682aaaf2af0c44ada4abfb70ded36393f0e307f4ab9456a215ce0020baefc31f",
                "sha256:c56d67fd6e87c2ee598b76abdd4e96cfad1f24cacdea5078d382b1f9d7b5ed2e"
            ],
            "index": "pypi",
            "markers": "python_full_version >= '3.9.0'",
            "version": "==3.0.2"
        },
        "zipp": {
            "hashes": [
                "sha256:071652d6115ed432f5ce1d34c336c0adfd6a884660d1e9712a256d3d3bd4b14e",
                "sha256:a07157588a12518c9d4034df3fbbee09c814741a33ff63c05fa29d26a2404166"
            ],
            "markers": "python_version >= '3.9'",
            "version": "==3.23.0"
        }
    },
    "develop": {}
}
